
Microsoft Visual Studio Solution File, Format Version 12.00
# Visual Studio 2013
VisualStudioVersion = 12.0.30723.0
MinimumVisualStudioVersion = 10.0.40219.1
Project("{FAE04EC0-301F-11D3-BF4B-00C04F79EFBC}") = "Contracts", "Contracts\Contracts.csproj", "{180BFA82-49FC-43E6-9FA1-EB99DF42ED9F}"
EndProject
Project("{FAE04EC0-301F-11D3-BF4B-00C04F79EFBC}") = "TestPublisher", "TestPublisher\TestPublisher.csproj", "{627AFC13-0DBD-40D3-9289-479A2FA914F7}"
EndProject
Project("{FAE04EC0-301F-11D3-BF4B-00C04F79EFBC}") = "TestSubscriber", "TestSubscriber\TestSubscriber.csproj", "{D6877D9A-6AC5-464C-8F8A-E5EC19303E97}"
EndProject
Project("{2150E333-8FDC-42A3-9474-1A3956D46DE8}") = ".nuget", ".nuget", "{21DE2432-CBF2-4B82-86F1-A7F869C49066}"
	ProjectSection(SolutionItems) = preProject
		.nuget\NuGet.Config = .nuget\NuGet.Config
		.nuget\NuGet.exe = .nuget\NuGet.exe
		.nuget\NuGet.targets = .nuget\NuGet.targets
	EndProjectSection
EndProject
Global
	GlobalSection(SolutionConfigurationPlatforms) = preSolution
		Debug|Any CPU = Debug|Any CPU
		Release|Any CPU = Release|Any CPU
	EndGlobalSection
	GlobalSection(ProjectConfigurationPlatforms) = postSolution
		{180BFA82-49FC-43E6-9FA1-EB99DF42ED9F}.Debug|Any CPU.ActiveCfg = Debug|Any CPU
		{180BFA82-49FC-43E6-9FA1-EB99DF42ED9F}.Debug|Any CPU.Build.0 = Debug|Any CPU
		{180BFA82-49FC-43E6-9FA1-EB99DF42ED9F}.Release|Any CPU.ActiveCfg = Release|Any CPU
		{180BFA82-49FC-43E6-9FA1-EB99DF42ED9F}.Release|Any CPU.Build.0 = Release|Any CPU
		{627AFC13-0DBD-40D3-9289-479A2FA914F7}.Debug|Any CPU.ActiveCfg = Debug|Any CPU
		{627AFC13-0DBD-40D3-9289-479A2FA914F7}.Debug|Any CPU.Build.0 = Debug|Any CPU
		{627AFC13-0DBD-40D3-9289-479A2FA914F7}.Release|Any CPU.ActiveCfg = Release|Any CPU
		{627AFC13-0DBD-40D3-9289-479A2FA914F7}.Release|Any CPU.Build.0 = Release|Any CPU
		{D6877D9A-6AC5-464C-8F8A-E5EC19303E97}.Debug|Any CPU.ActiveCfg = Debug|Any CPU
		{D6877D9A-6AC5-464C-8F8A-E5EC19303E97}.Debug|Any CPU.Build.0 = Debug|Any CPU
		{D6877D9A-6AC5-464C-8F8A-E5EC19303E97}.Release|Any CPU.ActiveCfg = Release|Any CPU
		{D6877D9A-6AC5-464C-8F8A-E5EC19303E97}.Release|Any CPU.Build.0 = Release|Any CPU
	EndGlobalSection
	GlobalSection(SolutionProperties) = preSolution
		HideSolutionNode = FALSE
	EndGlobalSection
EndGlobal
